
Microsoft Visual Studio Solution File, Format Version 12.00
# Visual Studio Version 17
VisualStudioVersion = 17.11.35222.181
MinimumVisualStudioVersion = 10.0.40219.1
Project("{F184B08F-C81C-45F6-A57F-5ABD9991F28F}") = "workscreening", "workscreening.vbproj", "{F575B19B-9E99-4302-9948-695B65D76126}"
EndProject
Global
	GlobalSection(SolutionConfigurationPlatforms) = preSolution
		Debug|Any CPU = Debug|Any CPU
		Hotfix|Any CPU = Hotfix|Any CPU
		Release|Any CPU = Release|Any CPU
	EndGlobalSection
	GlobalSection(ProjectConfigurationPlatforms) = postSolution
		{F575B19B-9E99-4302-9948-695B65D76126}.Debug|Any CPU.ActiveCfg = Debug|Any CPU
		{F575B19B-9E99-4302-9948-695B65D76126}.Debug|Any CPU.Build.0 = Debug|Any CPU
		{F575B19B-9E99-4302-9948-695B65D76126}.Hotfix|Any CPU.ActiveCfg = Hotfix|Any CPU
		{F575B19B-9E99-4302-9948-695B65D76126}.Hotfix|Any CPU.Build.0 = Hotfix|Any CPU
		{F575B19B-9E99-4302-9948-695B65D76126}.Release|Any CPU.ActiveCfg = Release|Any CPU
		{F575B19B-9E99-4302-9948-695B65D76126}.Release|Any CPU.Build.0 = Release|Any CPU
	EndGlobalSection
	GlobalSection(SolutionProperties) = preSolution
		HideSolutionNode = FALSE
	EndGlobalSection
	GlobalSection(ExtensibilityGlobals) = postSolution
		SolutionGuid = {3F229D2D-9CA8-44E4-8A8F-161C27733346}
	EndGlobalSection
EndGlobal
